
Microsoft Visual Studio Solution File, Format Version 12.00
Project("{FAE04EC0-301F-11D3-BF4B-00C04F79EFBC}") = "WhatchaGotThere", "WhatchaGotThere.csproj", "{7E9EE697-7448-4267-98D7-E85A03092288}"
EndProject
Global
	GlobalSection(SolutionConfigurationPlatforms) = preSolution
		Debug|Any CPU = Debug|Any CPU
		Release|Any CPU = Release|Any CPU
	EndGlobalSection
	GlobalSection(ProjectConfigurationPlatforms) = postSolution
		{7E9EE697-7448-4267-98D7-E85A03092288}.Debug|Any CPU.ActiveCfg = Debug|Any CPU
		{7E9EE697-7448-4267-98D7-E85A03092288}.Debug|Any CPU.Build.0 = Debug|Any CPU
		{7E9EE697-7448-4267-98D7-E85A03092288}.Release|Any CPU.ActiveCfg = Release|Any CPU
		{7E9EE697-7448-4267-98D7-E85A03092288}.Release|Any CPU.Build.0 = Release|Any CPU
	EndGlobalSection
EndGlobal
